
Microsoft Visual Studio Solution File, Format Version 12.00
# Visual Studio Version 17
VisualStudioVersion = 17.8.34511.84
MinimumVisualStudioVersion = 10.0.40219.1
Project("{2150E333-8FDC-42A3-9474-1A3956D46DE8}") = "TaskManagement", "TaskManagement", "{CE946EBA-7AC2-4748-816C-A99758D6485D}"
EndProject
Project("{2150E333-8FDC-42A3-9474-1A3956D46DE8}") = "DataAccessLayer", "DataAccessLayer", "{4AE914E1-448C-4F41-8796-65623505C7E1}"
EndProject
Project("{9A19103F-16F7-4668-BE54-9A1E7A4F7556}") = "DemoJira.DataAccess", "DemoJira.DataAccess\DemoJira.DataAccess.csproj", "{9D93F1D5-34C9-4181-98F7-63ABDE3F2733}"
EndProject
Project("{2150E333-8FDC-42A3-9474-1A3956D46DE8}") = "Presentation", "Presentation", "{5B809905-8632-46E1-9C2C-2E06E45AAF29}"
EndProject
Project("{2150E333-8FDC-42A3-9474-1A3956D46DE8}") = "Bussiness Logic Layer", "Bussiness Logic Layer", "{C4EE4885-0A80-45A7-96C9-416052416AE0}"
EndProject
Project("{9A19103F-16F7-4668-BE54-9A1E7A4F7556}") = "DemoJira.Bussiness", "DemoJira.Bussiness\DemoJira.Bussiness.csproj", "{8C23EA05-34A2-4E79-86C6-1A9A9E6968DC}"
EndProject
Project("{9A19103F-16F7-4668-BE54-9A1E7A4F7556}") = "Practice.API", "Practice.API\Practice.API.csproj", "{6B95DC62-BE9D-4CEC-8EED-C3438F73179D}"
EndProject
Project("{9A19103F-16F7-4668-BE54-9A1E7A4F7556}") = "Practice.Web.UI", "Practice.Web.UI\Practice.Web.UI.csproj", "{34384317-9279-48FF-8B56-C03501053CF3}"
EndProject
Global
	GlobalSection(SolutionConfigurationPlatforms) = preSolution
		Debug|Any CPU = Debug|Any CPU
		Release|Any CPU = Release|Any CPU
	EndGlobalSection
	GlobalSection(ProjectConfigurationPlatforms) = postSolution
		{9D93F1D5-34C9-4181-98F7-63ABDE3F2733}.Debug|Any CPU.ActiveCfg = Debug|Any CPU
		{9D93F1D5-34C9-4181-98F7-63ABDE3F2733}.Debug|Any CPU.Build.0 = Debug|Any CPU
		{9D93F1D5-34C9-4181-98F7-63ABDE3F2733}.Release|Any CPU.ActiveCfg = Release|Any CPU
		{9D93F1D5-34C9-4181-98F7-63ABDE3F2733}.Release|Any CPU.Build.0 = Release|Any CPU
		{8C23EA05-34A2-4E79-86C6-1A9A9E6968DC}.Debug|Any CPU.ActiveCfg = Debug|Any CPU
		{8C23EA05-34A2-4E79-86C6-1A9A9E6968DC}.Debug|Any CPU.Build.0 = Debug|Any CPU
		{8C23EA05-34A2-4E79-86C6-1A9A9E6968DC}.Release|Any CPU.ActiveCfg = Release|Any CPU
		{8C23EA05-34A2-4E79-86C6-1A9A9E6968DC}.Release|Any CPU.Build.0 = Release|Any CPU
		{6B95DC62-BE9D-4CEC-8EED-C3438F73179D}.Debug|Any CPU.ActiveCfg = Debug|Any CPU
		{6B95DC62-BE9D-4CEC-8EED-C3438F73179D}.Debug|Any CPU.Build.0 = Debug|Any CPU
		{6B95DC62-BE9D-4CEC-8EED-C3438F73179D}.Release|Any CPU.ActiveCfg = Release|Any CPU
		{6B95DC62-BE9D-4CEC-8EED-C3438F73179D}.Release|Any CPU.Build.0 = Release|Any CPU
		{34384317-9279-48FF-8B56-C03501053CF3}.Debug|Any CPU.ActiveCfg = Debug|Any CPU
		{34384317-9279-48FF-8B56-C03501053CF3}.Debug|Any CPU.Build.0 = Debug|Any CPU
		{34384317-9279-48FF-8B56-C03501053CF3}.Release|Any CPU.ActiveCfg = Release|Any CPU
		{34384317-9279-48FF-8B56-C03501053CF3}.Release|Any CPU.Build.0 = Release|Any CPU
	EndGlobalSection
	GlobalSection(SolutionProperties) = preSolution
		HideSolutionNode = FALSE
	EndGlobalSection
	GlobalSection(NestedProjects) = preSolution
		{4AE914E1-448C-4F41-8796-65623505C7E1} = {CE946EBA-7AC2-4748-816C-A99758D6485D}
		{9D93F1D5-34C9-4181-98F7-63ABDE3F2733} = {4AE914E1-448C-4F41-8796-65623505C7E1}
		{5B809905-8632-46E1-9C2C-2E06E45AAF29} = {CE946EBA-7AC2-4748-816C-A99758D6485D}
		{C4EE4885-0A80-45A7-96C9-416052416AE0} = {CE946EBA-7AC2-4748-816C-A99758D6485D}
		{8C23EA05-34A2-4E79-86C6-1A9A9E6968DC} = {C4EE4885-0A80-45A7-96C9-416052416AE0}
		{6B95DC62-BE9D-4CEC-8EED-C3438F73179D} = {5B809905-8632-46E1-9C2C-2E06E45AAF29}
		{34384317-9279-48FF-8B56-C03501053CF3} = {5B809905-8632-46E1-9C2C-2E06E45AAF29}
	EndGlobalSection
	GlobalSection(ExtensibilityGlobals) = postSolution
		SolutionGuid = {CFE086D9-B748-479B-A900-36709D704450}
	EndGlobalSection
EndGlobal
